// !$*UTF8*$!
{
	archiveVersion = 1;
	classes = {
	};
	objectVersion = 55;
	objects = {

/* Begin PBXBuildFile section */
		222565D3BF156F0F0BF8E41D /* Pods_LoodosTestCase.framework in Frameworks */ = {isa = PBXBuildFile; fileRef = 35548390DA66A429CD4F12B0 /* Pods_LoodosTestCase.framework */; };
		2C4B724D27EC71890055B1F8 /* AppDelegate.swift in Sources */ = {isa = PBXBuildFile; fileRef = 2C4B724C27EC71890055B1F8 /* AppDelegate.swift */; };
		2C4B725627EC718D0055B1F8 /* Assets.xcassets in Resources */ = {isa = PBXBuildFile; fileRef = 2C4B725527EC718D0055B1F8 /* Assets.xcassets */; };
		2C4B725927EC718D0055B1F8 /* LaunchScreen.storyboard in Resources */ = {isa = PBXBuildFile; fileRef = 2C4B725727EC718D0055B1F8 /* LaunchScreen.storyboard */; };
		2C4B726927EC73E70055B1F8 /* SplashViewController.swift in Sources */ = {isa = PBXBuildFile; fileRef = 2C4B726727EC73E70055B1F8 /* SplashViewController.swift */; };
		2C4B726A27EC73E70055B1F8 /* SplashViewController.xib in Resources */ = {isa = PBXBuildFile; fileRef = 2C4B726827EC73E70055B1F8 /* SplashViewController.xib */; };
		2C4B726C27EC75550055B1F8 /* SplashViewModel.swift in Sources */ = {isa = PBXBuildFile; fileRef = 2C4B726B27EC75550055B1F8 /* SplashViewModel.swift */; };
		2C4B726E27EC77390055B1F8 /* GoogleService-Info.plist in Resources */ = {isa = PBXBuildFile; fileRef = 2C4B726D27EC77390055B1F8 /* GoogleService-Info.plist */; };
		2CB1E00227EEF43E007A7A76 /* FilmAPINetwork.swift in Sources */ = {isa = PBXBuildFile; fileRef = 2CB1E00127EEF43E007A7A76 /* FilmAPINetwork.swift */; };
		2CB1E00527EEF450007A7A76 /* FilmModel.swift in Sources */ = {isa = PBXBuildFile; fileRef = 2CB1E00427EEF450007A7A76 /* FilmModel.swift */; };
		2CB1E00727EEFBFD007A7A76 /* SearchResultModel.swift in Sources */ = {isa = PBXBuildFile; fileRef = 2CB1E00627EEFBFD007A7A76 /* SearchResultModel.swift */; };
		2CB1E00927EEFD77007A7A76 /* ErrorHandlerManager.swift in Sources */ = {isa = PBXBuildFile; fileRef = 2CB1E00827EEFD77007A7A76 /* ErrorHandlerManager.swift */; };
		2CB1E00D27EF0184007A7A76 /* TableViewDataSource.swift in Sources */ = {isa = PBXBuildFile; fileRef = 2CB1E00C27EF0184007A7A76 /* TableViewDataSource.swift */; };
		2CB1E01127EF0229007A7A76 /* CustomGestureHandler.swift in Sources */ = {isa = PBXBuildFile; fileRef = 2CB1E01027EF0229007A7A76 /* CustomGestureHandler.swift */; };
		2CB1E01327EF0231007A7A76 /* BaseTableViewCell.swift in Sources */ = {isa = PBXBuildFile; fileRef = 2CB1E01227EF0231007A7A76 /* BaseTableViewCell.swift */; };
		2CB1E01627EF046B007A7A76 /* BaseMovieInformationCell.swift in Sources */ = {isa = PBXBuildFile; fileRef = 2CB1E01427EF046B007A7A76 /* BaseMovieInformationCell.swift */; };
		2CB1E01727EF046B007A7A76 /* BaseMovieInformationCell.xib in Resources */ = {isa = PBXBuildFile; fileRef = 2CB1E01527EF046B007A7A76 /* BaseMovieInformationCell.xib */; };
		2CB1E01927EF273A007A7A76 /* FirebaseEventLogger.swift in Sources */ = {isa = PBXBuildFile; fileRef = 2CB1E01827EF273A007A7A76 /* FirebaseEventLogger.swift */; };
		2CB1E01E27EF42FA007A7A76 /* MovieDetailViewController.swift in Sources */ = {isa = PBXBuildFile; fileRef = 2CB1E01C27EF42FA007A7A76 /* MovieDetailViewController.swift */; };
		2CB1E01F27EF42FA007A7A76 /* MovieDetailViewController.xib in Resources */ = {isa = PBXBuildFile; fileRef = 2CB1E01D27EF42FA007A7A76 /* MovieDetailViewController.xib */; };
		2CB1E02127EF4309007A7A76 /* MovieDetailViewModel.swift in Sources */ = {isa = PBXBuildFile; fileRef = 2CB1E02027EF4309007A7A76 /* MovieDetailViewModel.swift */; };
		2CF25D8227ED07A100277678 /* RemoteConfigManager.swift in Sources */ = {isa = PBXBuildFile; fileRef = 2CF25D8127ED07A100277678 /* RemoteConfigManager.swift */; };
		2CF25D8727ED134A00277678 /* Reachability.swift in Sources */ = {isa = PBXBuildFile; fileRef = 2CF25D8627ED134A00277678 /* Reachability.swift */; };
		2CF25D8A27ED15E600277678 /* MainViewController.swift in Sources */ = {isa = PBXBuildFile; fileRef = 2CF25D8827ED15E600277678 /* MainViewController.swift */; };
		2CF25D8B27ED15E600277678 /* MainViewController.xib in Resources */ = {isa = PBXBuildFile; fileRef = 2CF25D8927ED15E600277678 /* MainViewController.xib */; };
		2CF25D8D27ED15FF00277678 /* MainViewModel.swift in Sources */ = {isa = PBXBuildFile; fileRef = 2CF25D8C27ED15FF00277678 /* MainViewModel.swift */; };
/* End PBXBuildFile section */

/* Begin PBXFileReference section */
		2C4B724927EC71890055B1F8 /* LoodosTestCase.app */ = {isa = PBXFileReference; explicitFileType = wrapper.application; includeInIndex = 0; path = LoodosTestCase.app; sourceTree = BUILT_PRODUCTS_DIR; };
		2C4B724C27EC71890055B1F8 /* AppDelegate.swift */ = {isa = PBXFileReference; lastKnownFileType = sourcecode.swift; path = AppDelegate.swift; sourceTree = "<group>"; };
		2C4B725527EC718D0055B1F8 /* Assets.xcassets */ = {isa = PBXFileReference; lastKnownFileType = folder.assetcatalog; path = Assets.xcassets; sourceTree = "<group>"; };
		2C4B725827EC718D0055B1F8 /* Base */ = {isa = PBXFileReference; lastKnownFileType = file.storyboard; name = Base; path = Base.lproj/LaunchScreen.storyboard; sourceTree = "<group>"; };
		2C4B725A27EC718D0055B1F8 /* Info.plist */ = {isa = PBXFileReference; lastKnownFileType = text.plist.xml; path = Info.plist; sourceTree = "<group>"; };
		2C4B726727EC73E70055B1F8 /* SplashViewController.swift */ = {isa = PBXFileReference; lastKnownFileType = sourcecode.swift; path = SplashViewController.swift; sourceTree = "<group>"; };
		2C4B726827EC73E70055B1F8 /* SplashViewController.xib */ = {isa = PBXFileReference; lastKnownFileType = file.xib; path = SplashViewController.xib; sourceTree = "<group>"; };
		2C4B726B27EC75550055B1F8 /* SplashViewModel.swift */ = {isa = PBXFileReference; lastKnownFileType = sourcecode.swift; path = SplashViewModel.swift; sourceTree = "<group>"; };
		2C4B726D27EC77390055B1F8 /* GoogleService-Info.plist */ = {isa = PBXFileReference; fileEncoding = 4; lastKnownFileType = text.plist.xml; path = "GoogleService-Info.plist"; sourceTree = "<group>"; };
		2CB1E00127EEF43E007A7A76 /* FilmAPINetwork.swift */ = {isa = PBXFileReference; lastKnownFileType = sourcecode.swift; path = FilmAPINetwork.swift; sourceTree = "<group>"; };
		2CB1E00427EEF450007A7A76 /* FilmModel.swift */ = {isa = PBXFileReference; lastKnownFileType = sourcecode.swift; path = FilmModel.swift; sourceTree = "<group>"; };
		2CB1E00627EEFBFD007A7A76 /* SearchResultModel.swift */ = {isa = PBXFileReference; lastKnownFileType = sourcecode.swift; path = SearchResultModel.swift; sourceTree = "<group>"; };
		2CB1E00827EEFD77007A7A76 /* ErrorHandlerManager.swift */ = {isa = PBXFileReference; lastKnownFileType = sourcecode.swift; path = ErrorHandlerManager.swift; sourceTree = "<group>"; };
		2CB1E00C27EF0184007A7A76 /* TableViewDataSource.swift */ = {isa = PBXFileReference; lastKnownFileType = sourcecode.swift; path = TableViewDataSource.swift; sourceTree = "<group>"; };
		2CB1E01027EF0229007A7A76 /* CustomGestureHandler.swift */ = {isa = PBXFileReference; lastKnownFileType = sourcecode.swift; path = CustomGestureHandler.swift; sourceTree = "<group>"; };
		2CB1E01227EF0231007A7A76 /* BaseTableViewCell.swift */ = {isa = PBXFileReference; lastKnownFileType = sourcecode.swift; path = BaseTableViewCell.swift; sourceTree = "<group>"; };
		2CB1E01427EF046B007A7A76 /* BaseMovieInformationCell.swift */ = {isa = PBXFileReference; lastKnownFileType = sourcecode.swift; path = BaseMovieInformationCell.swift; sourceTree = "<group>"; };
		2CB1E01527EF046B007A7A76 /* BaseMovieInformationCell.xib */ = {isa = PBXFileReference; lastKnownFileType = file.xib; path = BaseMovieInformationCell.xib; sourceTree = "<group>"; };
		2CB1E01827EF273A007A7A76 /* FirebaseEventLogger.swift */ = {isa = PBXFileReference; lastKnownFileType = sourcecode.swift; path = FirebaseEventLogger.swift; sourceTree = "<group>"; };
		2CB1E01C27EF42FA007A7A76 /* MovieDetailViewController.swift */ = {isa = PBXFileReference; lastKnownFileType = sourcecode.swift; path = MovieDetailViewController.swift; sourceTree = "<group>"; };
		2CB1E01D27EF42FA007A7A76 /* MovieDetailViewController.xib */ = {isa = PBXFileReference; lastKnownFileType = file.xib; path = MovieDetailViewController.xib; sourceTree = "<group>"; };
		2CB1E02027EF4309007A7A76 /* MovieDetailViewModel.swift */ = {isa = PBXFileReference; lastKnownFileType = sourcecode.swift; path = MovieDetailViewModel.swift; sourceTree = "<group>"; };
		2CF25D8127ED07A100277678 /* RemoteConfigManager.swift */ = {isa = PBXFileReference; lastKnownFileType = sourcecode.swift; path = RemoteConfigManager.swift; sourceTree = "<group>"; };
		2CF25D8627ED134A00277678 /* Reachability.swift */ = {isa = PBXFileReference; lastKnownFileType = sourcecode.swift; path = Reachability.swift; sourceTree = "<group>"; };
		2CF25D8827ED15E600277678 /* MainViewController.swift */ = {isa = PBXFileReference; lastKnownFileType = sourcecode.swift; path = MainViewController.swift; sourceTree = "<group>"; };
		2CF25D8927ED15E600277678 /* MainViewController.xib */ = {isa = PBXFileReference; lastKnownFileType = file.xib; path = MainViewController.xib; sourceTree = "<group>"; };
		2CF25D8C27ED15FF00277678 /* MainViewModel.swift */ = {isa = PBXFileReference; lastKnownFileType = sourcecode.swift; path = MainViewModel.swift; sourceTree = "<group>"; };
		35548390DA66A429CD4F12B0 /* Pods_LoodosTestCase.framework */ = {isa = PBXFileReference; explicitFileType = wrapper.framework; includeInIndex = 0; path = Pods_LoodosTestCase.framework; sourceTree = BUILT_PRODUCTS_DIR; };
		B4258D0018EF5CD5AB55545A /* Pods-LoodosTestCase.debug.xcconfig */ = {isa = PBXFileReference; includeInIndex = 1; lastKnownFileType = text.xcconfig; name = "Pods-LoodosTestCase.debug.xcconfig"; path = "Target Support Files/Pods-LoodosTestCase/Pods-LoodosTestCase.debug.xcconfig"; sourceTree = "<group>"; };
		F090AC0D4412B037E62EDCA6 /* Pods-LoodosTestCase.release.xcconfig */ = {isa = PBXFileReference; includeInIndex = 1; lastKnownFileType = text.xcconfig; name = "Pods-LoodosTestCase.release.xcconfig"; path = "Target Support Files/Pods-LoodosTestCase/Pods-LoodosTestCase.release.xcconfig"; sourceTree = "<group>"; };
/* End PBXFileReference section */

/* Begin PBXFrameworksBuildPhase section */
		2C4B724627EC71890055B1F8 /* Frameworks */ = {
			isa = PBXFrameworksBuildPhase;
			buildActionMask = 2147483647;
			files = (
				222565D3BF156F0F0BF8E41D /* Pods_LoodosTestCase.framework in Frameworks */,
			);
			runOnlyForDeploymentPostprocessing = 0;
		};
/* End PBXFrameworksBuildPhase section */

/* Begin PBXGroup section */
		0C53D9C2CC4FF0A337DD3053 /* Frameworks */ = {
			isa = PBXGroup;
			children = (
				35548390DA66A429CD4F12B0 /* Pods_LoodosTestCase.framework */,
			);
			name = Frameworks;
			sourceTree = "<group>";
		};
		1E7D8FC5D5E3D745A371C235 /* Pods */ = {
			isa = PBXGroup;
			children = (
				B4258D0018EF5CD5AB55545A /* Pods-LoodosTestCase.debug.xcconfig */,
				F090AC0D4412B037E62EDCA6 /* Pods-LoodosTestCase.release.xcconfig */,
			);
			path = Pods;
			sourceTree = "<group>";
		};
		2C4B724027EC71890055B1F8 = {
			isa = PBXGroup;
			children = (
				2C4B724B27EC71890055B1F8 /* LoodosTestCase */,
				2C4B724A27EC71890055B1F8 /* Products */,
				1E7D8FC5D5E3D745A371C235 /* Pods */,
				0C53D9C2CC4FF0A337DD3053 /* Frameworks */,
			);
			sourceTree = "<group>";
		};
		2C4B724A27EC71890055B1F8 /* Products */ = {
			isa = PBXGroup;
			children = (
				2C4B724927EC71890055B1F8 /* LoodosTestCase.app */,
			);
			name = Products;
			sourceTree = "<group>";
		};
		2C4B724B27EC71890055B1F8 /* LoodosTestCase */ = {
			isa = PBXGroup;
			children = (
				2C4B726027EC72BA0055B1F8 /* App */,
				2C4B726127EC72E10055B1F8 /* Resource */,
				2C4B726227EC72F60055B1F8 /* Data */,
				2C4B726327EC73270055B1F8 /* Views */,
				2CB1E00F27EF020D007A7A76 /* Components */,
			);
			path = LoodosTestCase;
			sourceTree = "<group>";
		};
		2C4B726027EC72BA0055B1F8 /* App */ = {
			isa = PBXGroup;
			children = (
				2C4B724C27EC71890055B1F8 /* AppDelegate.swift */,
				2C4B725A27EC718D0055B1F8 /* Info.plist */,
				2C4B726D27EC77390055B1F8 /* GoogleService-Info.plist */,
			);
			path = App;
			sourceTree = "<group>";
		};
		2C4B726127EC72E10055B1F8 /* Resource */ = {
			isa = PBXGroup;
			children = (
				2C4B725527EC718D0055B1F8 /* Assets.xcassets */,
				2C4B725727EC718D0055B1F8 /* LaunchScreen.storyboard */,
			);
			path = Resource;
			sourceTree = "<group>";
		};
		2C4B726227EC72F60055B1F8 /* Data */ = {
			isa = PBXGroup;
			children = (
				2CF25D8027ED079400277678 /* Firebase */,
				2CF25D8327ED0F2300277678 /* Network */,
				2CB1E00327EEF443007A7A76 /* Models */,
				2CB1E00827EEFD77007A7A76 /* ErrorHandlerManager.swift */,
			);
			path = Data;
			sourceTree = "<group>";
		};
		2C4B726327EC73270055B1F8 /* Views */ = {
			isa = PBXGroup;
			children = (
				2C4B726627EC73880055B1F8 /* MovieDetailView */,
				2C4B726527EC737C0055B1F8 /* MainView */,
				2C4B726427EC73760055B1F8 /* SplashView */,
			);
			path = Views;
			sourceTree = "<group>";
		};
		2C4B726427EC73760055B1F8 /* SplashView */ = {
			isa = PBXGroup;
			children = (
				2C4B726B27EC75550055B1F8 /* SplashViewModel.swift */,
				2C4B726727EC73E70055B1F8 /* SplashViewController.swift */,
				2C4B726827EC73E70055B1F8 /* SplashViewController.xib */,
			);
			path = SplashView;
			sourceTree = "<group>";
		};
		2C4B726527EC737C0055B1F8 /* MainView */ = {
			isa = PBXGroup;
			children = (
				2CB1E00A27EF009C007A7A76 /* DataSource */,
				2CF25D8C27ED15FF00277678 /* MainViewModel.swift */,
				2CF25D8827ED15E600277678 /* MainViewController.swift */,
				2CF25D8927ED15E600277678 /* MainViewController.xib */,
			);
			path = MainView;
			sourceTree = "<group>";
		};
		2C4B726627EC73880055B1F8 /* MovieDetailView */ = {
			isa = PBXGroup;
			children = (
				2CB1E02027EF4309007A7A76 /* MovieDetailViewModel.swift */,
				2CB1E01C27EF42FA007A7A76 /* MovieDetailViewController.swift */,
				2CB1E01D27EF42FA007A7A76 /* MovieDetailViewController.xib */,
			);
			path = MovieDetailView;
			sourceTree = "<group>";
		};
		2CB1E00327EEF443007A7A76 /* Models */ = {
			isa = PBXGroup;
			children = (
				2CB1E00427EEF450007A7A76 /* FilmModel.swift */,
				2CB1E00627EEFBFD007A7A76 /* SearchResultModel.swift */,
			);
			path = Models;
			sourceTree = "<group>";
		};
		2CB1E00A27EF009C007A7A76 /* DataSource */ = {
			isa = PBXGroup;
			children = (
				2CB1E00B27EF0173007A7A76 /* Cells */,
				2CB1E00C27EF0184007A7A76 /* TableViewDataSource.swift */,
			);
			path = DataSource;
			sourceTree = "<group>";
		};
		2CB1E00B27EF0173007A7A76 /* Cells */ = {
			isa = PBXGroup;
			children = (
				2CB1E01427EF046B007A7A76 /* BaseMovieInformationCell.swift */,
				2CB1E01527EF046B007A7A76 /* BaseMovieInformationCell.xib */,
			);
			path = Cells;
			sourceTree = "<group>";
		};
		2CB1E00F27EF020D007A7A76 /* Components */ = {
			isa = PBXGroup;
			children = (
				2CB1E01227EF0231007A7A76 /* BaseTableViewCell.swift */,
				2CB1E01027EF0229007A7A76 /* CustomGestureHandler.swift */,
			);
			path = Components;
			sourceTree = "<group>";
		};
		2CF25D8027ED079400277678 /* Firebase */ = {
			isa = PBXGroup;
			children = (
				2CF25D8127ED07A100277678 /* RemoteConfigManager.swift */,
				2CB1E01827EF273A007A7A76 /* FirebaseEventLogger.swift */,
			);
			path = Firebase;
			sourceTree = "<group>";
		};
		2CF25D8327ED0F2300277678 /* Network */ = {
			isa = PBXGroup;
			children = (
				2CF25D8627ED134A00277678 /* Reachability.swift */,
				2CB1E00127EEF43E007A7A76 /* FilmAPINetwork.swift */,
			);
			path = Network;
			sourceTree = "<group>";
		};
/* End PBXGroup section */

/* Begin PBXNativeTarget section */
		2C4B724827EC71890055B1F8 /* LoodosTestCase */ = {
			isa = PBXNativeTarget;
			buildConfigurationList = 2C4B725D27EC718D0055B1F8 /* Build configuration list for PBXNativeTarget "LoodosTestCase" */;
			buildPhases = (
				C0ED36F1891927BDD0B60598 /* [CP] Check Pods Manifest.lock */,
				2C4B724527EC71890055B1F8 /* Sources */,
				2C4B724627EC71890055B1F8 /* Frameworks */,
				2C4B724727EC71890055B1F8 /* Resources */,
				694023BBB952D1F6816F30F7 /* [CP] Embed Pods Frameworks */,
			);
			buildRules = (
			);
			dependencies = (
			);
			name = LoodosTestCase;
			productName = LoodosTestCase;
			productReference = 2C4B724927EC71890055B1F8 /* LoodosTestCase.app */;
			productType = "com.apple.product-type.application";
		};
/* End PBXNativeTarget section */

/* Begin PBXProject section */
		2C4B724127EC71890055B1F8 /* Project object */ = {
			isa = PBXProject;
			attributes = {
				BuildIndependentTargetsInParallel = 1;
				LastSwiftUpdateCheck = 1320;
				LastUpgradeCheck = 1320;
				TargetAttributes = {
					2C4B724827EC71890055B1F8 = {
						CreatedOnToolsVersion = 13.2.1;
					};
				};
			};
			buildConfigurationList = 2C4B724427EC71890055B1F8 /* Build configuration list for PBXProject "LoodosTestCase" */;
			compatibilityVersion = "Xcode 13.0";
			developmentRegion = en;
			hasScannedForEncodings = 0;
			knownRegions = (
				en,
				Base,
			);
			mainGroup = 2C4B724027EC71890055B1F8;
			productRefGroup = 2C4B724A27EC71890055B1F8 /* Products */;
			projectDirPath = "";
			projectRoot = "";
			targets = (
				2C4B724827EC71890055B1F8 /* LoodosTestCase */,
			);
		};
/* End PBXProject section */

/* Begin PBXResourcesBuildPhase section */
		2C4B724727EC71890055B1F8 /* Resources */ = {
			isa = PBXResourcesBuildPhase;
			buildActionMask = 2147483647;
			files = (
				2CB1E01F27EF42FA007A7A76 /* MovieDetailViewController.xib in Resources */,
				2C4B725927EC718D0055B1F8 /* LaunchScreen.storyboard in Resources */,
				2C4B726E27EC77390055B1F8 /* GoogleService-Info.plist in Resources */,
				2CF25D8B27ED15E600277678 /* MainViewController.xib in Resources */,
				2C4B726A27EC73E70055B1F8 /* SplashViewController.xib in Resources */,
				2C4B725627EC718D0055B1F8 /* Assets.xcassets in Resources */,
				2CB1E01727EF046B007A7A76 /* BaseMovieInformationCell.xib in Resources */,
			);
			runOnlyForDeploymentPostprocessing = 0;
		};
/* End PBXResourcesBuildPhase section */

/* Begin PBXShellScriptBuildPhase section */
		694023BBB952D1F6816F30F7 /* [CP] Embed Pods Frameworks */ = {
			isa = PBXShellScriptBuildPhase;
			buildActionMask = 2147483647;
			files = (
			);
			inputFileListPaths = (
				"${PODS_ROOT}/Target Support Files/Pods-LoodosTestCase/Pods-LoodosTestCase-frameworks-${CONFIGURATION}-input-files.xcfilelist",
			);
			name = "[CP] Embed Pods Frameworks";
			outputFileListPaths = (
				"${PODS_ROOT}/Target Support Files/Pods-LoodosTestCase/Pods-LoodosTestCase-frameworks-${CONFIGURATION}-output-files.xcfilelist",
			);
			runOnlyForDeploymentPostprocessing = 0;
			shellPath = /bin/sh;
			shellScript = "\"${PODS_ROOT}/Target Support Files/Pods-LoodosTestCase/Pods-LoodosTestCase-frameworks.sh\"\n";
			showEnvVarsInLog = 0;
		};
		C0ED36F1891927BDD0B60598 /* [CP] Check Pods Manifest.lock */ = {
			isa = PBXShellScriptBuildPhase;
			buildActionMask = 2147483647;
			files = (
			);
			inputFileListPaths = (
			);
			inputPaths = (
				"${PODS_PODFILE_DIR_PATH}/Podfile.lock",
				"${PODS_ROOT}/Manifest.lock",
			);
			name = "[CP] Check Pods Manifest.lock";
			outputFileListPaths = (
			);
			outputPaths = (
				"$(DERIVED_FILE_DIR)/Pods-LoodosTestCase-checkManifestLockResult.txt",
			);
			runOnlyForDeploymentPostprocessing = 0;
			shellPath = /bin/sh;
			shellScript = "diff \"${PODS_PODFILE_DIR_PATH}/Podfile.lock\" \"${PODS_ROOT}/Manifest.lock\" > /dev/null\nif [ $? != 0 ] ; then\n    # print error to STDERR\n    echo \"error: The sandbox is not in sync with the Podfile.lock. Run 'pod install' or update your CocoaPods installation.\" >&2\n    exit 1\nfi\n# This output is used by Xcode 'outputs' to avoid re-running this script phase.\necho \"SUCCESS\" > \"${SCRIPT_OUTPUT_FILE_0}\"\n";
			showEnvVarsInLog = 0;
		};
/* End PBXShellScriptBuildPhase section */

/* Begin PBXSourcesBuildPhase section */
		2C4B724527EC71890055B1F8 /* Sources */ = {
			isa = PBXSourcesBuildPhase;
			buildActionMask = 2147483647;
			files = (
				2CF25D8D27ED15FF00277678 /* MainViewModel.swift in Sources */,
				2C4B726C27EC75550055B1F8 /* SplashViewModel.swift in Sources */,
				2CF25D8227ED07A100277678 /* RemoteConfigManager.swift in Sources */,
				2CB1E00227EEF43E007A7A76 /* FilmAPINetwork.swift in Sources */,
				2CB1E01327EF0231007A7A76 /* BaseTableViewCell.swift in Sources */,
				2CB1E01127EF0229007A7A76 /* CustomGestureHandler.swift in Sources */,
				2CB1E01E27EF42FA007A7A76 /* MovieDetailViewController.swift in Sources */,
				2CB1E01627EF046B007A7A76 /* BaseMovieInformationCell.swift in Sources */,
				2CB1E02127EF4309007A7A76 /* MovieDetailViewModel.swift in Sources */,
				2CB1E01927EF273A007A7A76 /* FirebaseEventLogger.swift in Sources */,
				2CB1E00727EEFBFD007A7A76 /* SearchResultModel.swift in Sources */,
				2CB1E00927EEFD77007A7A76 /* ErrorHandlerManager.swift in Sources */,
				2CB1E00D27EF0184007A7A76 /* TableViewDataSource.swift in Sources */,
				2CB1E00527EEF450007A7A76 /* FilmModel.swift in Sources */,
				2C4B724D27EC71890055B1F8 /* AppDelegate.swift in Sources */,
				2CF25D8A27ED15E600277678 /* MainViewController.swift in Sources */,
				2CF25D8727ED134A00277678 /* Reachability.swift in Sources */,
				2C4B726927EC73E70055B1F8 /* SplashViewController.swift in Sources */,
			);
			runOnlyForDeploymentPostprocessing = 0;
		};
/* End PBXSourcesBuildPhase section */

/* Begin PBXVariantGroup section */
		2C4B725727EC718D0055B1F8 /* LaunchScreen.storyboard */ = {
			isa = PBXVariantGroup;
			children = (
				2C4B725827EC718D0055B1F8 /* Base */,
			);
			name = LaunchScreen.storyboard;
			sourceTree = "<group>";
		};
/* End PBXVariantGroup section */

/* Begin XCBuildConfiguration section */
		2C4B725B27EC718D0055B1F8 /* Debug */ = {
			isa = XCBuildConfiguration;
			buildSettings = {
				ALWAYS_SEARCH_USER_PATHS = NO;
				CLANG_ANALYZER_NONNULL = YES;
				CLANG_ANALYZER_NUMBER_OBJECT_CONVERSION = YES_AGGRESSIVE;
				CLANG_CXX_LANGUAGE_STANDARD = "gnu++17";
				CLANG_CXX_LIBRARY = "libc++";
				CLANG_ENABLE_MODULES = YES;
				CLANG_ENABLE_OBJC_ARC = YES;
				CLANG_ENABLE_OBJC_WEAK = YES;
				CLANG_WARN_BLOCK_CAPTURE_AUTORELEASING = YES;
				CLANG_WARN_BOOL_CONVERSION = YES;
				CLANG_WARN_COMMA = YES;
				CLANG_WARN_CONSTANT_CONVERSION = YES;
				CLANG_WARN_DEPRECATED_OBJC_IMPLEMENTATIONS = YES;
				CLANG_WARN_DIRECT_OBJC_ISA_USAGE = YES_ERROR;
				CLANG_WARN_DOCUMENTATION_COMMENTS = YES;
				CLANG_WARN_EMPTY_BODY = YES;
				CLANG_WARN_ENUM_CONVERSION = YES;
				CLANG_WARN_INFINITE_RECURSION = YES;
				CLANG_WARN_INT_CONVERSION = YES;
				CLANG_WARN_NON_LITERAL_NULL_CONVERSION = YES;
				CLANG_WARN_OBJC_IMPLICIT_RETAIN_SELF = YES;
				CLANG_WARN_OBJC_LITERAL_CONVERSION = YES;
				CLANG_WARN_OBJC_ROOT_CLASS = YES_ERROR;
				CLANG_WARN_QUOTED_INCLUDE_IN_FRAMEWORK_HEADER = YES;
				CLANG_WARN_RANGE_LOOP_ANALYSIS = YES;
				CLANG_WARN_STRICT_PROTOTYPES = YES;
				CLANG_WARN_SUSPICIOUS_MOVE = YES;
				CLANG_WARN_UNGUARDED_AVAILABILITY = YES_AGGRESSIVE;
				CLANG_WARN_UNREACHABLE_CODE = YES;
				CLANG_WARN__DUPLICATE_METHOD_MATCH = YES;
				COPY_PHASE_STRIP = NO;
				DEBUG_INFORMATION_FORMAT = dwarf;
				ENABLE_STRICT_OBJC_MSGSEND = YES;
				ENABLE_TESTABILITY = YES;
				GCC_C_LANGUAGE_STANDARD = gnu11;
				GCC_DYNAMIC_NO_PIC = NO;
				GCC_NO_COMMON_BLOCKS = YES;
				GCC_OPTIMIZATION_LEVEL = 0;
				GCC_PREPROCESSOR_DEFINITIONS = (
					"DEBUG=1",
					"$(inherited)",
				);
				GCC_WARN_64_TO_32_BIT_CONVERSION = YES;
				GCC_WARN_ABOUT_RETURN_TYPE = YES_ERROR;
				GCC_WARN_UNDECLARED_SELECTOR = YES;
				GCC_WARN_UNINITIALIZED_AUTOS = YES_AGGRESSIVE;
				GCC_WARN_UNUSED_FUNCTION = YES;
				GCC_WARN_UNUSED_VARIABLE = YES;
				IPHONEOS_DEPLOYMENT_TARGET = 15.2;
				MTL_ENABLE_DEBUG_INFO = INCLUDE_SOURCE;
				MTL_FAST_MATH = YES;
				ONLY_ACTIVE_ARCH = YES;
				SDKROOT = iphoneos;
				SWIFT_ACTIVE_COMPILATION_CONDITIONS = DEBUG;
				SWIFT_OPTIMIZATION_LEVEL = "-Onone";
			};
			name = Debug;
		};
		2C4B725C27EC718D0055B1F8 /* Release */ = {
			isa = XCBuildConfiguration;
			buildSettings = {
				ALWAYS_SEARCH_USER_PATHS = NO;
				CLANG_ANALYZER_NONNULL = YES;
				CLANG_ANALYZER_NUMBER_OBJECT_CONVERSION = YES_AGGRESSIVE;
				CLANG_CXX_LANGUAGE_STANDARD = "gnu++17";
				CLANG_CXX_LIBRARY = "libc++";
				CLANG_ENABLE_MODULES = YES;
				CLANG_ENABLE_OBJC_ARC = YES;
				CLANG_ENABLE_OBJC_WEAK = YES;
				CLANG_WARN_BLOCK_CAPTURE_AUTORELEASING = YES;
				CLANG_WARN_BOOL_CONVERSION = YES;
				CLANG_WARN_COMMA = YES;
				CLANG_WARN_CONSTANT_CONVERSION = YES;
				CLANG_WARN_DEPRECATED_OBJC_IMPLEMENTATIONS = YES;
				CLANG_WARN_DIRECT_OBJC_ISA_USAGE = YES_ERROR;
				CLANG_WARN_DOCUMENTATION_COMMENTS = YES;
				CLANG_WARN_EMPTY_BODY = YES;
				CLANG_WARN_ENUM_CONVERSION = YES;
				CLANG_WARN_INFINITE_RECURSION = YES;
				CLANG_WARN_INT_CONVERSION = YES;
				CLANG_WARN_NON_LITERAL_NULL_CONVERSION = YES;
				CLANG_WARN_OBJC_IMPLICIT_RETAIN_SELF = YES;
				CLANG_WARN_OBJC_LITERAL_CONVERSION = YES;
				CLANG_WARN_OBJC_ROOT_CLASS = YES_ERROR;
				CLANG_WARN_QUOTED_INCLUDE_IN_FRAMEWORK_HEADER = YES;
				CLANG_WARN_RANGE_LOOP_ANALYSIS = YES;
				CLANG_WARN_STRICT_PROTOTYPES = YES;
				CLANG_WARN_SUSPICIOUS_MOVE = YES;
				CLANG_WARN_UNGUARDED_AVAILABILITY = YES_AGGRESSIVE;
				CLANG_WARN_UNREACHABLE_CODE = YES;
				CLANG_WARN__DUPLICATE_METHOD_MATCH = YES;
				COPY_PHASE_STRIP = NO;
				DEBUG_INFORMATION_FORMAT = "dwarf-with-dsym";
				ENABLE_NS_ASSERTIONS = NO;
				ENABLE_STRICT_OBJC_MSGSEND = YES;
				GCC_C_LANGUAGE_STANDARD = gnu11;
				GCC_NO_COMMON_BLOCKS = YES;
				GCC_WARN_64_TO_32_BIT_CONVERSION = YES;
				GCC_WARN_ABOUT_RETURN_TYPE = YES_ERROR;
				GCC_WARN_UNDECLARED_SELECTOR = YES;
				GCC_WARN_UNINITIALIZED_AUTOS = YES_AGGRESSIVE;
				GCC_WARN_UNUSED_FUNCTION = YES;
				GCC_WARN_UNUSED_VARIABLE = YES;
				IPHONEOS_DEPLOYMENT_TARGET = 15.2;
				MTL_ENABLE_DEBUG_INFO = NO;
				MTL_FAST_MATH = YES;
				SDKROOT = iphoneos;
				SWIFT_COMPILATION_MODE = wholemodule;
				SWIFT_OPTIMIZATION_LEVEL = "-O";
				VALIDATE_PRODUCT = YES;
			};
			name = Release;
		};
		2C4B725E27EC718D0055B1F8 /* Debug */ = {
			isa = XCBuildConfiguration;
			baseConfigurationReference = B4258D0018EF5CD5AB55545A /* Pods-LoodosTestCase.debug.xcconfig */;
			buildSettings = {
				ASSETCATALOG_COMPILER_APPICON_NAME = AppIcon;
				ASSETCATALOG_COMPILER_GLOBAL_ACCENT_COLOR_NAME = "";
				CODE_SIGN_STYLE = Automatic;
				CURRENT_PROJECT_VERSION = 1;
				DEVELOPMENT_TEAM = X47F9FWXY7;
				GENERATE_INFOPLIST_FILE = YES;
				INFOPLIST_FILE = LoodosTestCase/App/Info.plist;
				INFOPLIST_KEY_UIApplicationSupportsIndirectInputEvents = YES;
				INFOPLIST_KEY_UILaunchStoryboardName = LaunchScreen;
				INFOPLIST_KEY_UISupportedInterfaceOrientations = UIInterfaceOrientationPortrait;
				INFOPLIST_KEY_UISupportedInterfaceOrientations_iPad = "UIInterfaceOrientationPortrait UIInterfaceOrientationPortraitUpsideDown UIInterfaceOrientationLandscapeLeft UIInterfaceOrientationLandscapeRight";
				INFOPLIST_KEY_UISupportedInterfaceOrientations_iPhone = "UIInterfaceOrientationPortrait UIInterfaceOrientationLandscapeLeft UIInterfaceOrientationLandscapeRight";
				IPHONEOS_DEPLOYMENT_TARGET = 13.0;
				LD_RUNPATH_SEARCH_PATHS = (
					"$(inherited)",
					"@executable_path/Frameworks",
				);
				MARKETING_VERSION = 1.0;
				OTHER_LDFLAGS = (
					"$(OTHER_LDFLAGS)",
					"-ObjC",
				);
				PRODUCT_BUNDLE_IDENTIFIER = com.cankiran.LoodosTestCase;
				PRODUCT_NAME = "$(TARGET_NAME)";
				SWIFT_EMIT_LOC_STRINGS = YES;
				SWIFT_VERSION = 5.0;
				TARGETED_DEVICE_FAMILY = 1;
			};
			name = Debug;
		};
		2C4B725F27EC718D0055B1F8 /* Release */ = {
			isa = XCBuildConfiguration;
			baseConfigurationReference = F090AC0D4412B037E62EDCA6 /* Pods-LoodosTestCase.release.xcconfig */;
			buildSettings = {
				ASSETCATALOG_COMPILER_APPICON_NAME = AppIcon;
				ASSETCATALOG_COMPILER_GLOBAL_ACCENT_COLOR_NAME = "";
				CODE_SIGN_STYLE = Automatic;
				CURRENT_PROJECT_VERSION = 1;
				DEVELOPMENT_TEAM = X47F9FWXY7;
				GENERATE_INFOPLIST_FILE = YES;
				INFOPLIST_FILE = LoodosTestCase/App/Info.plist;
				INFOPLIST_KEY_UIApplicationSupportsIndirectInputEvents = YES;
				INFOPLIST_KEY_UILaunchStoryboardName = LaunchScreen;
				INFOPLIST_KEY_UISupportedInterfaceOrientations = UIInterfaceOrientationPortrait;
				INFOPLIST_KEY_UISupportedInterfaceOrientations_iPad = "UIInterfaceOrientationPortrait UIInterfaceOrientationPortraitUpsideDown UIInterfaceOrientationLandscapeLeft UIInterfaceOrientationLandscapeRight";
				INFOPLIST_KEY_UISupportedInterfaceOrientations_iPhone = "UIInterfaceOrientationPortrait UIInterfaceOrientationLandscapeLeft UIInterfaceOrientationLandscapeRight";
				IPHONEOS_DEPLOYMENT_TARGET = 13.0;
				LD_RUNPATH_SEARCH_PATHS = (
					"$(inherited)",
					"@executable_path/Frameworks",
				);
				MARKETING_VERSION = 1.0;
				OTHER_LDFLAGS = (
					"$(OTHER_LDFLAGS)",
					"-ObjC",
				);
				PRODUCT_BUNDLE_IDENTIFIER = com.cankiran.LoodosTestCase;
				PRODUCT_NAME = "$(TARGET_NAME)";
				SWIFT_EMIT_LOC_STRINGS = YES;
				SWIFT_VERSION = 5.0;
				TARGETED_DEVICE_FAMILY = 1;
			};
			name = Release;
		};
/* End XCBuildConfiguration section */

/* Begin XCConfigurationList section */
		2C4B724427EC71890055B1F8 /* Build configuration list for PBXProject "LoodosTestCase" */ = {
			isa = XCConfigurationList;
			buildConfigurations = (
				2C4B725B27EC718D0055B1F8 /* Debug */,
				2C4B725C27EC718D0055B1F8 /* Release */,
			);
			defaultConfigurationIsVisible = 0;
			defaultConfigurationName = Release;
		};
		2C4B725D27EC718D0055B1F8 /* Build configuration list for PBXNativeTarget "LoodosTestCase" */ = {
			isa = XCConfigurationList;
			buildConfigurations = (
				2C4B725E27EC718D0055B1F8 /* Debug */,
				2C4B725F27EC718D0055B1F8 /* Release */,
			);
			defaultConfigurationIsVisible = 0;
			defaultConfigurationName = Release;
		};
/* End XCConfigurationList section */
	};
	rootObject = 2C4B724127EC71890055B1F8 /* Project object */;
}
